
Microsoft Visual Studio Solution File, Format Version 12.00
Project("{FAE04EC0-301F-11D3-BF4B-00C04F79EFBC}") = "CW9", "CW9\CW9.csproj", "{80C65122-1852-4CEF-B520-F2D731210CA3}"
EndProject
Global
	GlobalSection(SolutionConfigurationPlatforms) = preSolution
		Debug|Any CPU = Debug|Any CPU
		Release|Any CPU = Release|Any CPU
	EndGlobalSection
	GlobalSection(ProjectConfigurationPlatforms) = postSolution
		{80C65122-1852-4CEF-B520-F2D731210CA3}.Debug|Any CPU.ActiveCfg = Debug|Any CPU
		{80C65122-1852-4CEF-B520-F2D731210CA3}.Debug|Any CPU.Build.0 = Debug|Any CPU
		{80C65122-1852-4CEF-B520-F2D731210CA3}.Release|Any CPU.ActiveCfg = Release|Any CPU
		{80C65122-1852-4CEF-B520-F2D731210CA3}.Release|Any CPU.Build.0 = Release|Any CPU
	EndGlobalSection
EndGlobal
